PODS:
  - Alamofire (5.4.1)
  - AppAuth (1.4.0):
    - AppAuth/Core (= 1.4.0)
    - AppAuth/ExternalUserAgent (= 1.4.0)
  - AppAuth/Core (1.4.0)
  - AppAuth/ExternalUserAgent (1.4.0)
  - Bolts/Tasks (1.9.1)
  - Firebase/Analytics (6.34.0):
    - Firebase/Core
  - Firebase/Auth (6.34.0):
    - Firebase/CoreOnly
    - FirebaseAuth (~> 6.9.2)
  - Firebase/Core (6.34.0):
    - Firebase/CoreOnly
    - FirebaseAnalytics (= 6.9.0)
  - Firebase/CoreOnly (6.34.0):
    - FirebaseCore (= 6.10.4)
  - FirebaseAnalytics (6.9.0):
    - FirebaseCore (~> 6.10)
    - FirebaseInstallations (~> 1.7)
    - GoogleAppMeasurement (= 6.9.0)
    - GoogleUtilities/AppDelegateSwizzler (~> 6.7)
    - GoogleUtilities/MethodSwizzler (~> 6.7)
    - GoogleUtilities/Network (~> 6.7)
    - "GoogleUtilities/NSData+zlib (~> 6.7)"
    - nanopb (~> 1.30906.0)
  - FirebaseAuth (6.9.2):
    - FirebaseCore (~> 6.10)
    - GoogleUtilities/AppDelegateSwizzler (~> 6.7)
    - GoogleUtilities/Environment (~> 6.7)
    - GTMSessionFetcher/Core (~> 1.1)
  - FirebaseCore (6.10.4):
    - FirebaseCoreDiagnostics (~> 1.6)
    - GoogleUtilities/Environment (~> 6.7)
    - GoogleUtilities/Logger (~> 6.7)
  - FirebaseCoreDiagnostics (1.7.0):
    - GoogleDataTransport (~> 7.4)
    - GoogleUtilities/Environment (~> 6.7)
    - GoogleUtilities/Logger (~> 6.7)
    - nanopb (~> 1.30906.0)
  - FirebaseInstallations (1.7.0):
    - FirebaseCore (~> 6.10)
    - GoogleUtilities/Environment (~> 6.7)
    - GoogleUtilities/UserDefaults (~> 6.7)
    - PromisesObjC (~> 1.2)
  - GoogleAppMeasurement (6.9.0):
    - GoogleUtilities/AppDelegateSwizzler (~> 6.7)
    - GoogleUtilities/MethodSwizzler (~> 6.7)
    - GoogleUtilities/Network (~> 6.7)
    - "GoogleUtilities/NSData+zlib (~> 6.7)"
    - nanopb (~> 1.30906.0)
  - GoogleDataTransport (7.5.1):
    - nanopb (~> 1.30906.0)
  - GoogleSignIn (5.0.2):
    - AppAuth (~> 1.2)
    - GTMAppAuth (~> 1.0)
    - GTMSessionFetcher/Core (~> 1.1)
  - GoogleUtilities/AppDelegateSwizzler (6.7.2):
    - GoogleUtilities/Environment
    - GoogleUtilities/Logger
    - GoogleUtilities/Network
  - GoogleUtilities/Environment (6.7.2):
    - PromisesObjC (~> 1.2)
  - GoogleUtilities/Logger (6.7.2):
    - GoogleUtilities/Environment
  - GoogleUtilities/MethodSwizzler (6.7.2):
    - GoogleUtilities/Logger
  - GoogleUtilities/Network (6.7.2):
    - GoogleUtilities/Logger
    - "GoogleUtilities/NSData+zlib"
    - GoogleUtilities/Reachability
  - "GoogleUtilities/NSData+zlib (6.7.2)"
  - GoogleUtilities/Reachability (6.7.2):
    - GoogleUtilities/Logger
  - GoogleUtilities/UserDefaults (6.7.2):
    - GoogleUtilities/Logger
  - GTMAppAuth (1.1.0):
    - AppAuth/Core (~> 1.4)
    - GTMSessionFetcher (~> 1.4)
  - GTMSessionFetcher (1.4.0):
    - GTMSessionFetcher/Full (= 1.4.0)
  - GTMSessionFetcher/Core (1.4.0)
  - GTMSessionFetcher/Full (1.4.0):
    - GTMSessionFetcher/Core (= 1.4.0)
  - KakaoSDK (2.3.0):
    - KakaoSDKAuth (= 2.3.0)
    - KakaoSDKCommon (= 2.3.0)
    - KakaoSDKLink (= 2.3.0)
    - KakaoSDKNavi (= 2.3.0)
    - KakaoSDKStory (= 2.3.0)
    - KakaoSDKTalk (= 2.3.0)
    - KakaoSDKTemplate (= 2.3.0)
    - KakaoSDKUser (= 2.3.0)
  - KakaoSDKAuth (2.3.0):
    - KakaoSDKCommon (= 2.3.0)
  - KakaoSDKCommon (2.3.0):
    - Alamofire (~> 5.1)
  - KakaoSDKLink (2.3.0):
    - KakaoSDKCommon (= 2.3.0)
    - KakaoSDKTemplate (= 2.3.0)
  - KakaoSDKNavi (2.3.0):
    - KakaoSDKCommon (= 2.3.0)
  - KakaoSDKStory (2.3.0):
    - KakaoSDKAuth (= 2.3.0)
    - KakaoSDKCommon (= 2.3.0)
  - KakaoSDKTalk (2.3.0):
    - KakaoSDKAuth (= 2.3.0)
    - KakaoSDKCommon (= 2.3.0)
    - KakaoSDKTemplate (= 2.3.0)
  - KakaoSDKTemplate (2.3.0):
    - KakaoSDKCommon (= 2.3.0)
  - KakaoSDKUser (2.3.0):
    - KakaoSDKAuth (= 2.3.0)
    - KakaoSDKCommon (= 2.3.0)
  - nanopb (1.30906.0):
    - nanopb/decode (= 1.30906.0)
    - nanopb/encode (= 1.30906.0)
  - nanopb/decode (1.30906.0)
  - nanopb/encode (1.30906.0)
  - Parse (1.19.0):
    - Parse/Core (= 1.19.0)
  - Parse/Core (1.19.0):
    - Bolts/Tasks (= 1.9.1)
  - PromisesObjC (1.2.11)
  - Toast (4.0.0)

DEPENDENCIES:
  - Firebase/Analytics
  - Firebase/Auth
  - GoogleSignIn
  - KakaoSDK
  - Parse
  - Toast (~> 4.0.0)

SPEC REPOS:
  trunk:
    - Alamofire
    - AppAuth
    - Bolts
    - Firebase
    - FirebaseAnalytics
    - FirebaseAuth
    - FirebaseCore
    - FirebaseCoreDiagnostics
    - FirebaseInstallations
    - GoogleAppMeasurement
    - GoogleDataTransport
    - GoogleSignIn
    - GoogleUtilities
    - GTMAppAuth
    - GTMSessionFetcher
    - KakaoSDK
    - KakaoSDKAuth
    - KakaoSDKCommon
    - KakaoSDKLink
    - KakaoSDKNavi
    - KakaoSDKStory
    - KakaoSDKTalk
    - KakaoSDKTemplate
    - KakaoSDKUser
    - nanopb
    - Parse
    - PromisesObjC
    - Toast

SPEC CHECKSUMS:
  Alamofire: 2291f7d21ca607c491dd17642e5d40fdcda0e65c
  AppAuth: 31bcec809a638d7bd2f86ea8a52bd45f6e81e7c7
  Bolts: 8c1e8aab2f603387b8b9924f57d1d64f43d3ffdc
  Firebase: c23a36d9e4cdf7877dfcba8dd0c58add66358999
  FirebaseAnalytics: 3bb096873ee0d7fa4b6c70f5e9166b6da413cc7f
  FirebaseAuth: c92d49ada7948d1a23466e3db17bc4c2039dddc3
  FirebaseCore: d3a978a3cfa3240bf7e4ba7d137fdf5b22b628ec
  FirebaseCoreDiagnostics: 770ac5958e1372ce67959ae4b4f31d8e127c3ac1
  FirebaseInstallations: 466c7b4d1f58fe16707693091da253726a731ed2
  GoogleAppMeasurement: a6a3a066369828db64eda428cb2856dc1cdc7c4e
  GoogleDataTransport: f56af7caa4ed338dc8e138a5d7c5973e66440833
  GoogleSignIn: 7137d297ddc022a7e0aa4619c86d72c909fa7213
  GoogleUtilities: 7f2f5a07f888cdb145101d6042bc4422f57e70b3
  GTMAppAuth: 197a8dabfea5d665224aa00d17f164fc2248dab9
  GTMSessionFetcher: 6f5c8abbab8a9bce4bb3f057e317728ec6182b10
  KakaoSDK: 329343ad9cf335a133cf7365b550190a3d0ae0ae
  KakaoSDKAuth: 9fc76923cb19492c47eb1cf8380e54f475caa4fe
  KakaoSDKCommon: 402f06f364ff3a6d6c3a2a745b41095b2242a535
  KakaoSDKLink: 050ba28a7a431e3bad5ff77ea65d2db6238853f2
  KakaoSDKNavi: adb36c8e5ef7cd9d23ef90a45674f3322b07acc0
  KakaoSDKStory: 53f5daa883f8d15c9207b8efe9684a42765853bd
  KakaoSDKTalk: 4a7de85c47ad249ab3b1de1bb9133550b8356563
  KakaoSDKTemplate: 0aa0612695fb38efb07a63ad3a0a97818e1d4a45
  KakaoSDKUser: 8dd2336b805e355b34faf5db27132c8e42f53748
  nanopb: 59317e09cf1f1a0af72f12af412d54edf52603fc
  Parse: 0fb5c7cc7ee5900f2434e24607d0496155b8d04f
  PromisesObjC: 8c196f5a328c2cba3e74624585467a557dcb482f
  Toast: 91b396c56ee72a5790816f40d3a94dd357abc196

PODFILE CHECKSUM: 6744201c3cf5c948d9f3b3f8ea2c887e8350e237

COCOAPODS: 1.10.1
